
Microsoft Visual Studio Solution File, Format Version 12.00
# Visual Studio Version 16
VisualStudioVersion = 16.0.31402.337
MinimumVisualStudioVersion = 10.0.40219.1
Project("{FAE04EC0-301F-11D3-BF4B-00C04F79EFBC}") = "Pizza_Factory", "Pizza_Factory\Pizza_Factory.csproj", "{5BD924D9-7818-4707-8EFA-30AB33B66FCF}"
EndProject
Global
	GlobalSection(SolutionConfigurationPlatforms) = preSolution
		Debug|Any CPU = Debug|Any CPU
		Release|Any CPU = Release|Any CPU
	EndGlobalSection
	GlobalSection(ProjectConfigurationPlatforms) = postSolution
		{5BD924D9-7818-4707-8EFA-30AB33B66FCF}.Debug|Any CPU.ActiveCfg = Debug|Any CPU
		{5BD924D9-7818-4707-8EFA-30AB33B66FCF}.Debug|Any CPU.Build.0 = Debug|Any CPU
		{5BD924D9-7818-4707-8EFA-30AB33B66FCF}.Release|Any CPU.ActiveCfg = Release|Any CPU
		{5BD924D9-7818-4707-8EFA-30AB33B66FCF}.Release|Any CPU.Build.0 = Release|Any CPU
	EndGlobalSection
	GlobalSection(SolutionProperties) = preSolution
		HideSolutionNode = FALSE
	EndGlobalSection
	GlobalSection(ExtensibilityGlobals) = postSolution
		SolutionGuid = {EB9B15E8-D984-4B3A-A3F2-4DECA3F329BD}
	EndGlobalSection
EndGlobal
